
Microsoft Visual Studio Solution File, Format Version 12.00
# Visual Studio 2013
VisualStudioVersion = 12.0.31101.0
MinimumVisualStudioVersion = 10.0.40219.1
Project("{FAE04EC0-301F-11D3-BF4B-00C04F79EFBC}") = "WatchOnlyBitcoinWallet", "WatchOnlyBitcoinWallet\WatchOnlyBitcoinWallet.csproj", "{3E275526-08A4-4B6B-8E69-9C6194198220}"
EndProject
Project("{FAE04EC0-301F-11D3-BF4B-00C04F79EFBC}") = "MVVMLibrary", "CommonLibrary\MVVMLibrary.csproj", "{3B31423A-CC27-44BB-9D19-A5DA92D0326D}"
EndProject
Global
	GlobalSection(SolutionConfigurationPlatforms) = preSolution
		Debug|Any CPU = Debug|Any CPU
		Release|Any CPU = Release|Any CPU
	EndGlobalSection
	GlobalSection(ProjectConfigurationPlatforms) = postSolution
		{3E275526-08A4-4B6B-8E69-9C6194198220}.Debug|Any CPU.ActiveCfg = Debug|Any CPU
		{3E275526-08A4-4B6B-8E69-9C6194198220}.Debug|Any CPU.Build.0 = Debug|Any CPU
		{3E275526-08A4-4B6B-8E69-9C6194198220}.Release|Any CPU.ActiveCfg = Release|Any CPU
		{3E275526-08A4-4B6B-8E69-9C6194198220}.Release|Any CPU.Build.0 = Release|Any CPU
		{3B31423A-CC27-44BB-9D19-A5DA92D0326D}.Debug|Any CPU.ActiveCfg = Debug|Any CPU
		{3B31423A-CC27-44BB-9D19-A5DA92D0326D}.Debug|Any CPU.Build.0 = Debug|Any CPU
		{3B31423A-CC27-44BB-9D19-A5DA92D0326D}.Release|Any CPU.ActiveCfg = Release|Any CPU
		{3B31423A-CC27-44BB-9D19-A5DA92D0326D}.Release|Any CPU.Build.0 = Release|Any CPU
	EndGlobalSection
	GlobalSection(SolutionProperties) = preSolution
		HideSolutionNode = FALSE
	EndGlobalSection
EndGlobal
